{
  "requires": true,
  "lockfileVersion": 1,
  "dependencies": {
    "@types/accepts": {
      "version": "1.3.5",
      "resolved": "https://registry.npmjs.org/@types/accepts/-/accepts-1.3.5.tgz",
      "integrity": "sha512-jOdnI/3qTpHABjM5cx1Hc0sKsPoYCp+DP/GJRGtDlPd7fiV9oXGGIcjW/ZOxLIvjGz8MA+uMZI9metHlgqbgwQ==",
      "dev": true,
      "requires": {
        "@types/node": "*"
      }
    },
    "@types/aes-js": {
      "version": "3.1.1",
      "resolved": "https://registry.npmjs.org/@types/aes-js/-/aes-js-3.1.1.tgz",
      "integrity": "sha512-SDSGgXT3LRCH6qMWk8OHT1vLSVNuHNvCpKCx2/TYtQMbMGGgxJC9fspwSkQjqzRagrWnCrxuLL3jMNXLXHHvSw==",
      "dev": true
    },
    "@types/asn1": {
      "version": "0.2.1",
      "resolved": "https://registry.npmjs.org/@types/asn1/-/asn1-0.2.1.tgz",
      "integrity": "sha512-MgrOWeBGvb9CU43AOMvrr7laqiATS4dApdqnmXl4MLxH6rSXcjSoh12y/9YGv/7Cn63cob5xQjcxVvjnOLmrmw==",
      "dev": true,
      "requires": {
        "@types/node": "*"
      }
    },
    "@types/body-parser": {
      "version": "1.19.2",
      "resolved": "https://registry.npmjs.org/@types/body-parser/-/body-parser-1.19.2.tgz",
      "integrity": "sha512-ALYone6pm6QmwZoAgeyNksccT9Q4AWZQ6PvfwR37GT6r6FWUPguq6sUmNGSMV2Wr761oQoBxwGGa6DR5o1DC9g==",
      "dev": true,
      "requires": {
        "@types/connect": "*",
        "@types/node": "*"
      }
    },
    "@types/buffer-equal": {
      "version": "1.0.0",
      "resolved": "https://registry.npmjs.org/@types/buffer-equal/-/buffer-equal-1.0.0.tgz",
      "integrity": "sha512-qE8ej2Th95ztpapGXoTQeFGJFZYzrhWRbvuOH1ONI59wUB3X1tHmfdbOO6oVZyf8ptpyfr8q8bRzlDaA34Ej1Q==",
      "dev": true,
      "requires": {
        "@types/node": "*"
      }
    },
    "@types/bytes": {
      "version": "3.1.1",
      "resolved": "https://registry.npmjs.org/@types/bytes/-/bytes-3.1.1.tgz",
      "integrity": "sha512-lOGyCnw+2JVPKU3wIV0srU0NyALwTBJlVSx5DfMQOFuuohA8y9S8orImpuIQikZ0uIQ8gehrRjxgQC1rLRi11w==",
      "dev": true
    },
    "@types/call-bind": {
      "version": "1.0.3",
      "resolved": "https://registry.npmjs.org/@types/call-bind/-/call-bind-1.0.3.tgz",
      "integrity": "sha512-3Gnu0nTEY+XGOFXGjAPaCsM4DLY+tdIC56vyNx424ScYUVp49zsADE0jYvMvvqOXQqcidN00gslZxcA8Pa3rwA==",
      "dev": true,
      "requires": {
        "@types/get-intrinsic": "*"
      }
    },
    "@types/connect": {
      "version": "3.4.38",
      "resolved": "https://registry.npmjs.org/@types/connect/-/connect-3.4.38.tgz",
      "integrity": "sha512-K6uROf1LD88uDQqJCktA4yzL1YYAK6NgfsI0v/mTgyPKWsX1CnJ0XPSDhViejru1GcRkLWb8RlzFYJRqGUbaug==",
      "dev": true,
      "requires": {
        "@types/node": "*"
      }
    },
    "@types/content-disposition": {
      "version": "0.5.6",
      "resolved": "https://registry.npmjs.org/@types/content-disposition/-/content-disposition-0.5.6.tgz",
      "integrity": "sha512-GmShTb4qA9+HMPPaV2+Up8tJafgi38geFi7vL4qAM7k8BwjoelgHZqEUKJZLvughUw22h6vD/wvwN4IUCaWpDA==",
      "dev": true
    },
    "@types/content-type": {
      "version": "1.1.6",
      "resolved": "https://registry.npmjs.org/@types/content-type/-/content-type-1.1.6.tgz",
      "integrity": "sha512-WFHg/KFLCdUQl3m27WSQu0NEaLzoHGmgZHlsSYr0Y0iIvItMcBq7opZc6AGXPXqf+btIM6vTBJyLvuDAihB+zQ==",
      "dev": true
    },
    "@types/cookie": {
      "version": "0.5.2",
      "resolved": "https://registry.npmjs.org/@types/cookie/-/cookie-0.5.2.tgz",
      "integrity": "sha512-DBpRoJGKJZn7RY92dPrgoMew8xCWc2P71beqsjyhEI/Ds9mOyVmBwtekyfhpwFIVt1WrxTonFifiOZ62V8CnNA==",
      "dev": true
    },
    "@types/cookie-signature": {
      "version": "1.1.0",
      "resolved": "https://registry.npmjs.org/@types/cookie-signature/-/cookie-signature-1.1.0.tgz",
      "integrity": "sha512-6/OwJHoeGW5taC2vWq1sz8X7/T2rAPVXj3zQds+rM4b5VrW8lgpYjpDVjTJmkRB1IODBCAiuPXNk092CjYlryQ==",
      "dev": true,
      "requires": {
        "@types/node": "*"
      }
    },
    "@types/debug": {
      "version": "4.1.8",
      "resolved": "https://registry.npmjs.org/@types/debug/-/debug-4.1.8.tgz",
      "integrity": "sha512-/vPO1EPOs306Cvhwv7KfVfYvOJqA/S/AXjaHQiJboCZzcNDb+TIJFN9/2C9DZ//ijSKWioNyUxD792QmDJ+HKQ==",
      "dev": true,
      "requires": {
        "@types/ms": "*"
      }
    },
    "@types/depd": {
      "version": "1.1.32",
      "resolved": "https://registry.npmjs.org/@types/depd/-/depd-1.1.32.tgz",
      "integrity": "sha512-kB2cpXs3A0TGWl4a4h74yIwvclYZUTW6Irpee/3Dc1s4Cr5rGPHtpGPpBBpEV1MaKH5z/oul+57oDkEkeRXRnw==",
      "dev": true,
      "requires": {
        "@types/node": "*"
      }
    },
    "@types/destroy": {
      "version": "1.0.0",
      "resolved": "https://registry.npmjs.org/@types/destroy/-/destroy-1.0.0.tgz",
      "integrity": "sha512-nE3ePJLWPRu/qFHN8mj3fWnkr9K9ezwoiG4yOis2DuLeAawlnOOT/pM29JQkityrwfEvkblU5O9iS1bsiMqtDw==",
      "dev": true,
      "requires": {
        "@types/node": "*"
      }
    },
    "@types/discontinuous-range": {
      "version": "1.0.2",
      "resolved": "https://registry.npmjs.org/@types/discontinuous-range/-/discontinuous-range-1.0.2.tgz",
      "integrity": "sha512-YQsVfVOKSoclrK9w2OKEr1ztwKYAfXNFa649J47BrfVkBU6xW8sZizCwD5yC0F8fpdk69NTCElO+cMtl2sVMlQ==",
      "dev": true
    },
    "@types/ee-first": {
      "version": "1.1.0",
      "resolved": "https://registry.npmjs.org/@types/ee-first/-/ee-first-1.1.0.tgz",
      "integrity": "sha512-Vkq1JoYsK7Uojrh/m+esVXhue+o5yJzqJojgRZawx+BTeztuS2O9fw2f5ZbTAo1qTeD8NKfwZ8WBvdNkBOEOqA==",
      "dev": true,
      "requires": {
        "@types/node": "*"
      }
    },
    "@types/encodeurl": {
      "version": "1.0.0",
      "resolved": "https://registry.npmjs.org/@types/encodeurl/-/encodeurl-1.0.0.tgz",
      "integrity": "sha512-iO2Q6xQOJ5DtOB6wJ2KIetFq9JRTbpzcKTe2aS6CCsa+W9KNWX2yXx9KeB5sY/nBfAWN43LkPg6SFB+ldsW9ZA==",
      "dev": true
    },
    "@types/escape-html": {
      "version": "1.0.2",
      "resolved": "https://registry.npmjs.org/@types/escape-html/-/escape-html-1.0.2.tgz",
      "integrity": "sha512-gaBLT8pdcexFztLSPRtriHeXY/Kn4907uOCZ4Q3lncFBkheAWOuNt53ypsF8szgxbEJ513UeBzcf4utN0EzEwA==",
      "dev": true
    },
    "@types/etag": {
      "version": "1.8.1",
      "resolved": "https://registry.npmjs.org/@types/etag/-/etag-1.8.1.tgz",
      "integrity": "sha512-bsKkeSqN7HYyYntFRAmzcwx/dKW4Wa+KVMTInANlI72PWLQmOpZu96j0OqHZGArW4VQwCmJPteQlXaUDeOB0WQ==",
      "dev": true,
      "requires": {
        "@types/node": "*"
      }
    },
    "@types/express": {
      "version": "4.17.17",
      "resolved": "https://registry.npmjs.org/@types/express/-/express-4.17.17.tgz",
      "integrity": "sha512-Q4FmmuLGBG58btUnfS1c1r/NQdlp3DMfGDGig8WhfpA2YRUtEkxAjkZb0yvplJGYdF1fsQ81iMDcH24sSCNC/Q==",
      "dev": true,
      "requires": {
        "@types/body-parser": "*",
        "@types/express-serve-static-core": "^4.17.33",
        "@types/qs": "*",
        "@types/serve-static": "*"
      }
    },
    "@types/express-serve-static-core": {
      "version": "4.19.5",
      "resolved": "https://registry.npmjs.org/@types/express-serve-static-core/-/express-serve-static-core-4.19.5.tgz",
      "integrity": "sha512-y6W03tvrACO72aijJ5uF02FRq5cgDR9lUxddQ8vyF+GvmjJQqbzDcJngEjURc+ZsG31VI3hODNZJ2URj86pzmg==",
      "dev": true,
      "requires": {
        "@types/node": "*",
        "@types/qs": "*",
        "@types/range-parser": "*",
        "@types/send": "*"
      }
    },
    "@types/finalhandler": {
      "version": "1.2.0",
      "resolved": "https://registry.npmjs.org/@types/finalhandler/-/finalhandler-1.2.0.tgz",
      "integrity": "sha512-NgEZKOhxUSXkwNnWNaMXZaopQ5aFGPAYiEpEWIkQ6Dzc4iS0M1oQsvWne2t+ex9QZUAdTz/ZT4tOXJhWtP6mCw==",
      "dev": true,
      "requires": {
        "@types/node": "*"
      }
    },
    "@types/follow-redirects": {
      "version": "1.14.1",
      "resolved": "https://registry.npmjs.org/@types/follow-redirects/-/follow-redirects-1.14.1.tgz",
      "integrity": "sha512-THBEFwqsLuU/K62B5JRwab9NW97cFmL4Iy34NTMX0bMycQVzq2q7PKOkhfivIwxdpa/J72RppgC42vCHfwKJ0Q==",
      "dev": true,
      "requires": {
        "@types/node": "*"
      }
    },
    "@types/forwarded": {
      "version": "0.1.0",
      "resolved": "https://registry.npmjs.org/@types/forwarded/-/forwarded-0.1.0.tgz",
      "integrity": "sha512-bMAatSgDFLgJ9m+uqmGvRIeZojIZYJmFKkPT+TKFOORgMNgJrjaAnYfr464GDn2q98VKn7VhkxX2tsbO6Fvtig==",
      "dev": true,
      "requires": {
        "@types/node": "*"
      }
    },
    "@types/fresh": {
      "version": "0.5.0",
      "resolved": "https://registry.npmjs.org/@types/fresh/-/fresh-0.5.0.tgz",
      "integrity": "sha512-eGPzuyc6wZM3sSHJdF7NM2jW6B/xsB014Rqg/iDa6xY02mlfy1w/TE2sYhR8vbHxkzJOXiGo6NuIk3xk35vsgQ==",
      "dev": true
    },
    "@types/function-bind": {
      "version": "1.1.7",
      "resolved": "https://registry.npmjs.org/@types/function-bind/-/function-bind-1.1.7.tgz",
      "integrity": "sha512-eWHKq8xoqn7PDRVqUVr6wk/S35gK+ZWR4QRRYvLzkt3rxDY1JajxQaBiQpj4dVq56USz0YlcRRaeMWj5FQlx5w==",
      "dev": true
    },
    "@types/get-intrinsic": {
      "version": "1.2.0",
      "resolved": "https://registry.npmjs.org/@types/get-intrinsic/-/get-intrinsic-1.2.0.tgz",
      "integrity": "sha512-Wra3nzPgVSTFZHlUREuKKwXiePTJJ9wX1nlJJz1kNZtXIpYJtM8UjtuhzgniFLH7Axk/lLLT0jeWtZh4UFfKBA==",
      "dev": true
    },
    "@types/has": {
      "version": "1.0.0",
      "resolved": "https://registry.npmjs.org/@types/has/-/has-1.0.0.tgz",
      "integrity": "sha512-1J4U6Ipq5B+ytzNa9XWYg+U5cI5nt12a+RiISbKD9a74QDoRVhoBd6GPtd+imkqQRaTGO1l6bvdP1cqsM6dCpw==",
      "dev": true
    },
    "@types/has-symbols": {
      "version": "1.0.0",
      "resolved": "https://registry.npmjs.org/@types/has-symbols/-/has-symbols-1.0.0.tgz",
      "integrity": "sha512-v7QPNLgFcCz3IcX/JKIy0fO+EhFW5PUHWZusInbbSFwi9Nz0h5PHoT4o7FaOqIfAN8hQyVabdkntvpp6sJwMoA==",
      "dev": true
    },
    "@types/http-errors": {
      "version": "2.0.1",
      "resolved": "https://registry.npmjs.org/@types/http-errors/-/http-errors-2.0.1.tgz",
      "integrity": "sha512-/K3ds8TRAfBvi5vfjuz8y6+GiAYBZ0x4tXv1Av6CWBWn0IlADc+ZX9pMq7oU0fNQPnBwIZl3rmeLp6SBApbxSQ==",
      "dev": true
    },
    "@types/inherits": {
      "version": "0.0.30",
      "resolved": "https://registry.npmjs.org/@types/inherits/-/inherits-0.0.30.tgz",
      "integrity": "sha512-u3bSJhhwCMWsMdZhrX+PD2CsyxW0ahdrUWuC2EJCa6zQywA+nnj4+PkaGAf5nw2E7+05ww0epgY+kcxa7ojJUA==",
      "dev": true,
      "requires": {
        "@types/node": "*"
      }
    },
    "@types/jsonwebtoken": {
      "version": "9.0.2",
      "resolved": "https://registry.npmjs.org/@types/jsonwebtoken/-/jsonwebtoken-9.0.2.tgz",
      "integrity": "sha512-drE6uz7QBKq1fYqqoFKTDRdFCPHd5TCub75BM+D+cMx7NU9hUz7SESLfC2fSCXVFMO5Yj8sOWHuGqPgjc+fz0Q==",
      "dev": true,
      "requires": {
        "@types/node": "*"
      }
    },
    "@types/jwa": {
      "version": "2.0.0",
      "resolved": "https://registry.npmjs.org/@types/jwa/-/jwa-2.0.0.tgz",
      "integrity": "sha512-QNXIKUQYD1v4qX1UksUM79ySMAjZjPOvDW3Y3lKqfM5wGeEicP67dVi1dbKQ0xmNdLdWcIlVzaYINNoj1pzR4g==",
      "dev": true
    },
    "@types/jws": {
      "version": "3.2.5",
      "resolved": "https://registry.npmjs.org/@types/jws/-/jws-3.2.5.tgz",
      "integrity": "sha512-xGTxZH34xOryaTN8CMsvhh9lfNqFuHiMoRvsLYWQdBJHqiECyfInXVl2eK8Jz2emxZWMIn5RBlmr3oDVPeWujw==",
      "dev": true,
      "requires": {
        "@types/node": "*"
      }
    },
    "@types/lodash": {
      "version": "4.17.7",
      "resolved": "https://registry.npmjs.org/@types/lodash/-/lodash-4.17.7.tgz",
      "integrity": "sha512-8wTvZawATi/lsmNu10/j2hk1KEP0IvjubqPE3cu1Xz7xfXXt5oCq3SNUz4fMIP4XGF9Ky+Ue2tBA3hcS7LSBlA==",
      "dev": true
    },
    "@types/lodash.get": {
      "version": "4.4.7",
      "resolved": "https://registry.npmjs.org/@types/lodash.get/-/lodash.get-4.4.7.tgz",
      "integrity": "sha512-af34Mj+KdDeuzsJBxc/XeTtOx0SZHZNLd+hdrn+PcKGQs0EG2TJTzQAOTCZTgDJCArahlCzLWSy8c2w59JRz7Q==",
      "dev": true,
      "requires": {
        "@types/lodash": "*"
      }
    },
    "@types/lodash.includes": {
      "version": "4.3.7",
      "resolved": "https://registry.npmjs.org/@types/lodash.includes/-/lodash.includes-4.3.7.tgz",
      "integrity": "sha512-irrCqhsS91qsv2rWN+nJsFScy5X4nG3kByWKpxV/NbUSu/dp8WTqujN5KknsgxcQiAjJ3q2LmNwV8NPlVUpGJA==",
      "dev": true,
      "requires": {
        "@types/lodash": "*"
      }
    },
    "@types/lodash.isboolean": {
      "version": "3.0.7",
      "resolved": "https://registry.npmjs.org/@types/lodash.isboolean/-/lodash.isboolean-3.0.7.tgz",
      "integrity": "sha512-pQkjcu8A9aZPNLTxQ60zWI8Yqs1Qzd6ni8dhcax45oJgWWbiDcwEVAQDwxC+NucW337xhRMLxR1yh+Eb8R2YOQ==",
      "dev": true,
      "requires": {
        "@types/lodash": "*"
      }
    },
    "@types/lodash.isinteger": {
      "version": "4.0.7",
      "resolved": "https://registry.npmjs.org/@types/lodash.isinteger/-/lodash.isinteger-4.0.7.tgz",
      "integrity": "sha512-ERWGP6yLmKwTspkvPquhCeKVDpyDregQxAy3QsCoS6iLkStGwoxkN5unfgSYnInEHGEh3YiWzJEFgR1Ba+fljg==",
      "dev": true,
      "requires": {
        "@types/lodash": "*"
      }
    },
    "@types/lodash.isnumber": {
      "version": "3.0.7",
      "resolved": "https://registry.npmjs.org/@types/lodash.isnumber/-/lodash.isnumber-3.0.7.tgz",
      "integrity": "sha512-+XX8YsZ6AzWg6ukTB2g6TdL4gK6wUxIeakYV849gHoTYsb2IH0SyAywfF1xutE/EBbT3CospyfABcl9gZKD23g==",
      "dev": true,
      "requires": {
        "@types/lodash": "*"
      }
    },
    "@types/lodash.isplainobject": {
      "version": "4.0.7",
      "resolved": "https://registry.npmjs.org/@types/lodash.isplainobject/-/lodash.isplainobject-4.0.7.tgz",
      "integrity": "sha512-fdHtdjpy7fXydEaRHx1dPa+2AVmLbmk2Gv7f0w/90BKCH0DkWo8pIrzygnB3rvgo6oKNb3cO9VaPpj9GLCr5Ug==",
      "dev": true,
      "requires": {
        "@types/lodash": "*"
      }
    },
    "@types/lodash.isstring": {
      "version": "4.0.7",
      "resolved": "https://registry.npmjs.org/@types/lodash.isstring/-/lodash.isstring-4.0.7.tgz",
      "integrity": "sha512-gt4q4n1Who4JxLeFR/kduS2Tia+biQk/zdbIkOfMvAldXHJdcC5SsvZREchkwa4CwKK+DqhIm3wfigFYzNKS8Q==",
      "dev": true,
      "requires": {
        "@types/lodash": "*"
      }
    },
    "@types/lodash.merge": {
      "version": "4.6.7",
      "resolved": "https://registry.npmjs.org/@types/lodash.merge/-/lodash.merge-4.6.7.tgz",
      "integrity": "sha512-OwxUJ9E50gw3LnAefSHJPHaBLGEKmQBQ7CZe/xflHkyy/wH2zVyEIAKReHvVrrn7zKdF58p16We9kMfh7v0RRQ==",
      "dev": true,
      "requires": {
        "@types/lodash": "*"
      }
    },
    "@types/lodash.once": {
      "version": "4.1.7",
      "resolved": "https://registry.npmjs.org/@types/lodash.once/-/lodash.once-4.1.7.tgz",
      "integrity": "sha512-XWhnXzWkxoleOoXKmzUtep8vT+wiiQQgmPD+wzG0yO0bdlszmnqHRb2WiY5hK/8V0DTet1+z9DJj9cnbdAhWng==",
      "dev": true,
      "requires": {
        "@types/lodash": "*"
      }
    },
    "@types/lodash.reduce": {
      "version": "4.6.7",
      "resolved": "https://registry.npmjs.org/@types/lodash.reduce/-/lodash.reduce-4.6.7.tgz",
      "integrity": "sha512-HwJ3H45BNHhSLciBZSd8oAxrz0d+ko5mXVHIeanmu0WpFiwkMg+XAv1Pp4FUsdNW34S6J60+tJbH30aULOe5MA==",
      "dev": true,
      "requires": {
        "@types/lodash": "*"
      }
    },
    "@types/media-typer": {
      "version": "1.1.1",
      "resolved": "https://registry.npmjs.org/@types/media-typer/-/media-typer-1.1.1.tgz",
      "integrity": "sha512-pj9YTwjWbh+cuwZ/74+SPNe+MI6npNZ13o9WslckpgXhOaVrugE/ru1XhZCkAoob+oOiD6zrdhtzVTObfqIRgQ==",
      "dev": true
    },
    "@types/merge-descriptors": {
      "version": "1.0.1",
      "resolved": "https://registry.npmjs.org/@types/merge-descriptors/-/merge-descriptors-1.0.1.tgz",
      "integrity": "sha512-dvY3+KXKTXn7sD9bFQsaPcw3FN9ljk82YDUDl7O2FsBVBhiN7Ya216aYUqUvlRdbL/lvW90SYAUJZ1fFnmtMUQ==",
      "dev": true
    },
    "@types/methods": {
      "version": "1.1.1",
      "resolved": "https://registry.npmjs.org/@types/methods/-/methods-1.1.1.tgz",
      "integrity": "sha512-hvD1Yz0xugpvbFNVihc0Eu60Y/o1dD8LmSdN4d5QHV315ljuVGlwS5DYrb3RqFi6JskDC0Xi6/Bv6aEe/1A9bw==",
      "dev": true
    },
    "@types/mime": {
      "version": "1.3.5",
      "resolved": "https://registry.npmjs.org/@types/mime/-/mime-1.3.5.tgz",
      "integrity": "sha512-/pyBZWSLD2n0dcHE3hq8s8ZvcETHtEuF+3E7XVt0Ig2nvsVQXdghHVcEkIWjy9A0wKfTn97a/PSDYohKIlnP/w==",
      "dev": true
    },
    "@types/mime-db": {
      "version": "1.43.1",
      "resolved": "https://registry.npmjs.org/@types/mime-db/-/mime-db-1.43.1.tgz",
      "integrity": "sha512-kGZJY+R+WnR5Rk+RPHUMERtb2qBRViIHCBdtUrY+NmwuGb8pQdfTqQiCKPrxpdoycl8KWm2DLdkpoSdt479XoQ==",
      "dev": true
    },
    "@types/mime-types": {
      "version": "2.1.1",
      "resolved": "https://registry.npmjs.org/@types/mime-types/-/mime-types-2.1.1.tgz",
      "integrity": "sha512-vXOTGVSLR2jMw440moWTC7H19iUyLtP3Z1YTj7cSsubOICinjMxFeb/V57v9QdyyPGbbWolUFSSmSiRSn94tFw==",
      "dev": true
    },
    "@types/moo": {
      "version": "0.5.6",
      "resolved": "https://registry.npmjs.org/@types/moo/-/moo-0.5.6.tgz",
      "integrity": "sha512-Q60hZhulhl2Ox4LjbJvhH+HzsKrwzLPjEB8dZw0fK1MH2HyOLe6LDou68yTfsWasxGv7DPZe5VNM5vgpzOa2nw==",
      "dev": true
    },
    "@types/ms": {
      "version": "0.7.31",
      "resolved": "https://registry.npmjs.org/@types/ms/-/ms-0.7.31.tgz",
      "integrity": "sha512-iiUgKzV9AuaEkZqkOLDIvlQiL6ltuZd9tGcW3gwpnX8JbuiuhFlEGmmFXEXkN50Cvq7Os88IY2v0dkDqXYWVgA==",
      "dev": true
    },
    "@types/nearley": {
      "version": "2.11.2",
      "resolved": "https://registry.npmjs.org/@types/nearley/-/nearley-2.11.2.tgz",
      "integrity": "sha512-jeyIDNBxxyWyEk6HemDC+t32b4fxthVsgWDxf88qD2WpX0QpOyY8JvA80AElPTBGRUsO0EKnr6OeVOjK3ZDdnA==",
      "dev": true
    },
    "@types/negotiator": {
      "version": "0.6.1",
      "resolved": "https://registry.npmjs.org/@types/negotiator/-/negotiator-0.6.1.tgz",
      "integrity": "sha512-c4mvXFByghezQ/eVGN5HvH/jI63vm3B7FiE81BUzDAWmuiohRecCO6ddU60dfq29oKUMiQujsoB2h0JQC7JHKA==",
      "dev": true
    },
    "@types/node": {
      "version": "20.6.0",
      "resolved": "https://registry.npmjs.org/@types/node/-/node-20.6.0.tgz",
      "integrity": "sha512-najjVq5KN2vsH2U/xyh2opaSEz6cZMR2SetLIlxlj08nOcmPOemJmUK2o4kUzfLqfrWE0PIrNeE16XhYDd3nqg==",
      "dev": true
    },
    "@types/node-fetch": {
      "version": "2.6.4",
      "resolved": "https://registry.npmjs.org/@types/node-fetch/-/node-fetch-2.6.4.tgz",
      "integrity": "sha512-1ZX9fcN4Rvkvgv4E6PAY5WXUFWFcRWxZa3EW83UjycOB9ljJCedb2CupIP4RZMEwF/M3eTcCihbBRgwtGbg5Rg==",
      "dev": true,
      "requires": {
        "@types/node": "*",
        "form-data": "^3.0.0"
      }
    },
    "@types/node-rsa": {
      "version": "1.1.1",
      "resolved": "https://registry.npmjs.org/@types/node-rsa/-/node-rsa-1.1.1.tgz",
      "integrity": "sha512-itzxtaBgk4OMbrCawVCvas934waMZWjW17v7EYgFVlfYS/cl0/P7KZdojWCq9SDJMI5cnLQLUP8ayhVCTY8TEg==",
      "dev": true,
      "requires": {
        "@types/node": "*"
      }
    },
    "@types/object-inspect": {
      "version": "1.8.2",
      "resolved": "https://registry.npmjs.org/@types/object-inspect/-/object-inspect-1.8.2.tgz",
      "integrity": "sha512-14zhORrVm+OEOCVxELaAUhLoAq52Bq1dVZ4jk5Z0gDk4dxk1yJRKmc2y4q/l4tU5/TXW2NK1rVyBpxZmIq91Dw==",
      "dev": true
    },
    "@types/on-finished": {
      "version": "2.3.2",
      "resolved": "https://registry.npmjs.org/@types/on-finished/-/on-finished-2.3.2.tgz",
      "integrity": "sha512-0vvczNxekBdvl51GCEpvk/Ntum+SRr3lInh/cK9FQQ3NoGkF1CFnoTZyWWeaxqppJRpkRwazoK1kDOhRFN9fyg==",
      "dev": true,
      "requires": {
        "@types/node": "*"
      }
    },
    "@types/parseurl": {
      "version": "1.3.1",
      "resolved": "https://registry.npmjs.org/@types/parseurl/-/parseurl-1.3.1.tgz",
      "integrity": "sha512-sAfjGAYgJ/MZsk95f3ByThfJgasZk1hWJROghBwfKnLLNANEAG/WHckAcT6HNqx2sHwVlci7OAX7k1KYpOcgMw==",
      "dev": true,
      "requires": {
        "@types/node": "*"
      }
    },
    "@types/proxy-addr": {
      "version": "2.0.0",
      "resolved": "https://registry.npmjs.org/@types/proxy-addr/-/proxy-addr-2.0.0.tgz",
      "integrity": "sha512-JEm0kSrO3CjbFSLpYeYhCscS0vpW1mIWedhWuurJnYbMzY1vcm9fzJ6TL6SWq3m/m3g4KUV5JBT69mQSwUHZHg==",
      "dev": true,
      "requires": {
        "@types/node": "*"
      }
    },
    "@types/punycode": {
      "version": "2.1.0",
      "resolved": "https://registry.npmjs.org/@types/punycode/-/punycode-2.1.0.tgz",
      "integrity": "sha512-PG5aLpW6PJOeV2fHRslP4IOMWn+G+Uq8CfnyJ+PDS8ndCbU+soO+fB3NKCKo0p/Jh2Y4aPaiQZsrOXFdzpcA6g==",
      "dev": true
    },
    "@types/qs": {
      "version": "6.9.8",
      "resolved": "https://registry.npmjs.org/@types/qs/-/qs-6.9.8.tgz",
      "integrity": "sha512-u95svzDlTysU5xecFNTgfFG5RUWu1A9P0VzgpcIiGZA9iraHOdSzcxMxQ55DyeRaGCSxQi7LxXDI4rzq/MYfdg==",
      "dev": true
    },
    "@types/range-parser": {
      "version": "1.2.4",
      "resolved": "https://registry.npmjs.org/@types/range-parser/-/range-parser-1.2.4.tgz",
      "integrity": "sha512-EEhsLsD6UsDM1yFhAvy0Cjr6VwmpMWqFBCb9w07wVugF7w9nfajxLuVmngTIpgS6svCnm6Vaw+MZhoDCKnOfsw==",
      "dev": true
    },
    "@types/readable-stream": {
      "version": "4.0.2",
      "resolved": "https://registry.npmjs.org/@types/readable-stream/-/readable-stream-4.0.2.tgz",
      "integrity": "sha512-hhzOsMEISZ+mX1l+01F0duYt9wHEbCGmjARed0PcQoVS5zAdu7u5YbWYuNGhw09M1MgGr3kfsto+ut/MnAdKqA==",
      "dev": true,
      "requires": {
        "@types/node": "*",
        "safe-buffer": "~5.1.1"
      }
    },
    "@types/safer-buffer": {
      "version": "2.1.0",
      "resolved": "https://registry.npmjs.org/@types/safer-buffer/-/safer-buffer-2.1.0.tgz",
      "integrity": "sha512-04WlrCdOLy1Ejpwc3A7qyZzsH6uqeWoH+XO80V8S8NRubGg+E4FMMM3VAS6jZZ8w+dXki1/5FI5upmMDQlaQsQ==",
      "dev": true,
      "requires": {
        "@types/node": "*"
      }
    },
    "@types/semver": {
      "version": "7.5.1",
      "resolved": "https://registry.npmjs.org/@types/semver/-/semver-7.5.1.tgz",
      "integrity": "sha512-cJRQXpObxfNKkFAZbJl2yjWtJCqELQIdShsogr1d2MilP8dKD9TE/nEKHkJgUNHdGKCQaf9HbIynuV2csLGVLg==",
      "dev": true
    },
    "@types/send": {
      "version": "0.17.1",
      "resolved": "https://registry.npmjs.org/@types/send/-/send-0.17.1.tgz",
      "integrity": "sha512-Cwo8LE/0rnvX7kIIa3QHCkcuF21c05Ayb0ZfxPiv0W8VRiZiNW/WuRupHKpqqGVGf7SUA44QSOUKaEd9lIrd/Q==",
      "dev": true,
      "requires": {
        "@types/mime": "^1",
        "@types/node": "*"
      }
    },
    "@types/serve-static": {
      "version": "1.15.2",
      "resolved": "https://registry.npmjs.org/@types/serve-static/-/serve-static-1.15.2.tgz",
      "integrity": "sha512-J2LqtvFYCzaj8pVYKw8klQXrLLk7TBZmQ4ShlcdkELFKGwGMfevMLneMMRkMgZxotOD9wg497LpC7O8PcvAmfw==",
      "dev": true,
      "requires": {
        "@types/http-errors": "*",
        "@types/mime": "*",
        "@types/node": "*"
      }
    },
    "@types/sprintf-js": {
      "version": "1.1.2",
      "resolved": "https://registry.npmjs.org/@types/sprintf-js/-/sprintf-js-1.1.2.tgz",
      "integrity": "sha512-hkgzYF+qnIl8uTO8rmUSVSfQ8BIfMXC4yJAF4n8BE758YsKBZvFC4NumnAegj7KmylP0liEZNpb9RRGFMbFejA==",
      "dev": true
    },
    "@types/statuses": {
      "version": "2.0.0",
      "resolved": "https://registry.npmjs.org/@types/statuses/-/statuses-2.0.0.tgz",
      "integrity": "sha512-V4dX/J9hyQ8hq2hztP+8xB1girGot5ltjtmxaJusf6AGyxi2RvWJrpWj4/DxF0/GFNOkswUVnbkGXKaaY9juQQ==",
      "dev": true
    },
    "@types/toidentifier": {
      "version": "1.0.0",
      "resolved": "https://registry.npmjs.org/@types/toidentifier/-/toidentifier-1.0.0.tgz",
      "integrity": "sha512-oNE63CcPkezZVwq4C4y0FKGnZoe/6LGyIvGCBZPUXcdpA+EObfCxwf1tQawTK2ReIkO2rZwfHmXJxn7fe283jg==",
      "dev": true
    },
    "@types/tr46": {
      "version": "3.0.1",
      "resolved": "https://registry.npmjs.org/@types/tr46/-/tr46-3.0.1.tgz",
      "integrity": "sha512-61X88AjDEnQQB1etAwpcA6kqESfw1Ow/mldvLasXHAJXbifkjX1wgFG1UyGyiUWj2BcNlAw10HCjjNeF3av4sA==",
      "dev": true
    },
    "@types/type-is": {
      "version": "1.6.4",
      "resolved": "https://registry.npmjs.org/@types/type-is/-/type-is-1.6.4.tgz",
      "integrity": "sha512-2ONCAm+KdTDcSZdYj3xWT+GAfgLNXpEUIyCMYofzwoVYORXf7tqq2jDf3dd4J+4y96YVcTXbZsdJf4LSGGUc/A==",
      "dev": true,
      "requires": {
        "@types/node": "*"
      }
    },
    "@types/util-deprecate": {
      "version": "1.0.0",
      "resolved": "https://registry.npmjs.org/@types/util-deprecate/-/util-deprecate-1.0.0.tgz",
      "integrity": "sha512-I2vixiQ+mrmKxfdLNvaa766nulrMVDoUQiSQoNeTjFUNAt8klnMgDh3yy/bH/r275357q30ACOEUaxFOR8YVrA==",
      "dev": true
    },
    "@types/utils-merge": {
      "version": "0.0.29",
      "resolved": "https://registry.npmjs.org/@types/utils-merge/-/utils-merge-0.0.29.tgz",
      "integrity": "sha512-AOxhFXiBdrQOTp/fl284/8XPuwVpAdF0SfD3Z7A0mFucRMCmO8YUyMdr7063EZ5deiumOMTmPNISSQANbS5qtw==",
      "dev": true
    },
    "@types/uuid": {
      "version": "9.0.3",
      "resolved": "https://registry.npmjs.org/@types/uuid/-/uuid-9.0.3.tgz",
      "integrity": "sha512-taHQQH/3ZyI3zP8M/puluDEIEvtQHVYcC6y3N8ijFtAd28+Ey/G4sg1u2gB01S8MwybLOKAp9/yCMu/uR5l3Ug==",
      "dev": true
    },
    "@types/uuid-1345": {
      "version": "0.99.23",
      "resolved": "https://registry.npmjs.org/@types/uuid-1345/-/uuid-1345-0.99.23.tgz",
      "integrity": "sha512-3pW84aeJAzRk3LSVKBTRw0tKiil+zvZuwo6b7/QVy397scQfPH+F/YnfSNMBfXJaVcbDQUqWspYCVl3DebUSfQ==",
      "dev": true,
      "requires": {
        "@types/node": "*"
      }
    },
    "@types/vary": {
      "version": "1.1.0",
      "resolved": "https://registry.npmjs.org/@types/vary/-/vary-1.1.0.tgz",
      "integrity": "sha512-LQWqrIa0dvEOOH37lGksMEXbypRLUFqu6Gx0pmX7zIUisD2I/qaVgEX/vJ/PSVSW0Hk6yz1BNkFpqg6dZm3Wug==",
      "dev": true,
      "requires": {
        "@types/node": "*"
      }
    },
    "@types/webidl-conversions": {
      "version": "7.0.0",
      "resolved": "https://registry.npmjs.org/@types/webidl-conversions/-/webidl-conversions-7.0.0.tgz",
      "integrity": "sha512-xTE1E+YF4aWPJJeUzaZI5DRntlkY3+BCVJi0axFptnjGmAoWxkyREIh/XMrfxVLejwQxMCfDXdICo0VLxThrog==",
      "dev": true
    },
    "@types/whatwg-url": {
      "version": "11.0.0",
      "resolved": "https://registry.npmjs.org/@types/whatwg-url/-/whatwg-url-11.0.0.tgz",
      "integrity": "sha512-4F6szvZP3FM5HvJAmcInXBfrAhvM4tLIc8MO1nXwabG5TZVOLxVmAXRpICqXYd3lBlomSRGmLCopYV+yTocgpQ==",
      "dev": true,
      "requires": {
        "@types/webidl-conversions": "*"
      }
    },
    "asynckit": {
      "version": "0.4.0",
      "resolved": "https://registry.npmjs.org/asynckit/-/asynckit-0.4.0.tgz",
      "integrity": "sha512-Oei9OH4tRh0YqU3GxhX79dM/mwVgvbZJaSNaRk+bshkj0S5cfHcgYakreBjrHwatXKbz+IoIdYLxrKim2MjW0Q==",
      "dev": true
    },
    "combined-stream": {
      "version": "1.0.8",
      "resolved": "https://registry.npmjs.org/combined-stream/-/combined-stream-1.0.8.tgz",
      "integrity": "sha512-FQN4MRfuJeHf7cBbBMJFXhKSDq+2kAArBlmRBvcvFE5BB1HZKXtSFASDhdlz9zOYwxh8lDdnvmMOe/+5cdoEdg==",
      "dev": true,
      "requires": {
        "delayed-stream": "~1.0.0"
      }
    },
    "delayed-stream": {
      "version": "1.0.0",
      "resolved": "https://registry.npmjs.org/delayed-stream/-/delayed-stream-1.0.0.tgz",
      "integrity": "sha512-ZySD7Nf91aLB0RxL4KGrKHBXl7Eds1DAmEdcoVawXnLD7SDhpNgtuII2aAkg7a7QS41jxPSZ17p4VdGnMHk3MQ==",
      "dev": true
    },
    "form-data": {
      "version": "3.0.1",
      "resolved": "https://registry.npmjs.org/form-data/-/form-data-3.0.1.tgz",
      "integrity": "sha512-RHkBKtLWUVwd7SqRIvCZMEvAMoGUp0XU+seQiZejj0COz3RI3hWP4sCv3gZWWLjJTd7rGwcsF5eKZGii0r/hbg==",
      "dev": true,
      "requires": {
        "asynckit": "^0.4.0",
        "combined-stream": "^1.0.8",
        "mime-types": "^2.1.12"
      }
    },
    "mime-db": {
      "version": "1.52.0",
      "resolved": "https://registry.npmjs.org/mime-db/-/mime-db-1.52.0.tgz",
      "integrity": "sha512-sPU4uV7dYlvtWJxwwxHD0PuihVNiE7TyAbQ5SWxDCB9mUYvOgroQOwYQQOKPJ8CIbE+1ETVlOoK1UC2nU3gYvg==",
      "dev": true
    },
    "mime-types": {
      "version": "2.1.35",
      "resolved": "https://registry.npmjs.org/mime-types/-/mime-types-2.1.35.tgz",
      "integrity": "sha512-ZDY+bPm5zTTF+YpCrAU9nK0UgICYPT0QtT1NZWFv4s++TNkcgVaT0g6+4R2uI4MjQjzysHB1zxuWL50hzaeXiw==",
      "dev": true,
      "requires": {
        "mime-db": "1.52.0"
      }
    },
    "safe-buffer": {
      "version": "5.1.2",
      "resolved": "https://registry.npmjs.org/safe-buffer/-/safe-buffer-5.1.2.tgz",
      "integrity": "sha512-Gd2UZBJDkXlY7GbJxfsE8/nvKkUEU1G38c1siN6QP6a9PT9MmHB8GnpscSmMJSoF8LOIrt8ud/wPtojys4G6+g==",
      "dev": true
    },
    "types-registry": {
      "version": "0.1.696",
      "resolved": "https://registry.npmjs.org/types-registry/-/types-registry-0.1.696.tgz",
      "integrity": "sha512-q8Kz0mvJp8NtdUPxX/y1HAmKhwwnJPpicB7U47UWFtZ0z9q87DmYJYhTOhYPo2KGBmq7opcCSEHfx+ljBAbVtw=="
    }
  }
}
